
Microsoft Visual Studio Solution File, Format Version 12.00
# Visual Studio Version 17
VisualStudioVersion = 17.5.002.0
MinimumVisualStudioVersion = 10.0.40219.1
Project("{9A19103F-16F7-4668-BE54-9A1E7A4F7556}") = "TheEmployeeAPI", "TheEmployeeAPI\TheEmployeeAPI.csproj", "{CEB7C967-0677-4EAE-9CC3-5C13BD58D9AA}"
EndProject
Project("{FAE04EC0-301F-11D3-BF4B-00C04F79EFBC}") = "TheEmployeeAPI.Tests", "TheEmployeeAPI.Tests\TheEmployeeAPI.Tests.csproj", "{13046B5D-E8D6-417E-BB63-F9AD78432741}"
EndProject
Global
	GlobalSection(SolutionConfigurationPlatforms) = preSolution
		Debug|Any CPU = Debug|Any CPU
		Release|Any CPU = Release|Any CPU
	EndGlobalSection
	GlobalSection(ProjectConfigurationPlatforms) = postSolution
		{CEB7C967-0677-4EAE-9CC3-5C13BD58D9AA}.Debug|Any CPU.ActiveCfg = Debug|Any CPU
		{CEB7C967-0677-4EAE-9CC3-5C13BD58D9AA}.Debug|Any CPU.Build.0 = Debug|Any CPU
		{CEB7C967-0677-4EAE-9CC3-5C13BD58D9AA}.Release|Any CPU.ActiveCfg = Release|Any CPU
		{CEB7C967-0677-4EAE-9CC3-5C13BD58D9AA}.Release|Any CPU.Build.0 = Release|Any CPU
		{13046B5D-E8D6-417E-BB63-F9AD78432741}.Debug|Any CPU.ActiveCfg = Debug|Any CPU
		{13046B5D-E8D6-417E-BB63-F9AD78432741}.Debug|Any CPU.Build.0 = Debug|Any CPU
		{13046B5D-E8D6-417E-BB63-F9AD78432741}.Release|Any CPU.ActiveCfg = Release|Any CPU
		{13046B5D-E8D6-417E-BB63-F9AD78432741}.Release|Any CPU.Build.0 = Release|Any CPU
	EndGlobalSection
	GlobalSection(SolutionProperties) = preSolution
		HideSolutionNode = FALSE
	EndGlobalSection
	GlobalSection(ExtensibilityGlobals) = postSolution
		SolutionGuid = {889362F8-5297-404D-A19B-09038275C988}
	EndGlobalSection
EndGlobal
